{
  "name": "firmware-upgrade",
  "version": "1.0.0",
  "lockfileVersion": 3,
  "requires": true,
  "packages": {
    "": {
      "name": "firmware-upgrade",
      "version": "1.0.0",
      "license": "ISC",
      "dependencies": {
        "node-tftp": "^0.1.6",
        "tftp": "^0.1.2"
      }
    },
    "node_modules/argp": {
      "version": "1.0.4",
      "resolved": "https://registry.npmjs.org/argp/-/argp-1.0.4.tgz",
      "integrity": "sha512-dBwgZOneFCvOmuPsde14fGvdgv8eEGlFPSbHlcPb+6i0491pbnbnlp9SVxF745hlK9akq9MGtNFLO0gl6HFxLA==",
      "license": "MIT",
      "engines": {
        "node": ">=0.10"
      }
    },
    "node_modules/node-tftp": {
      "version": "0.1.6",
      "resolved": "https://registry.npmjs.org/node-tftp/-/node-tftp-0.1.6.tgz",
      "integrity": "sha512-m72e5YHA6526a4lkBfkBWPleWCIM2ZJ3E+WR9FqAbOy7tEF9GP4nMHJ0CRtfSDbxgfWRvNlCuOTwhEBB8ia5Uw==",
      "license": "MIT",
      "dependencies": {
        "argp": "1.0.x",
        "status-bar": "2.0.x"
      },
      "bin": {
        "ntftp": "bin/ntftp.js"
      },
      "engines": {
        "node": ">=0.10"
      }
    },
    "node_modules/progress-bar-formatter": {
      "version": "2.0.1",
      "resolved": "https://registry.npmjs.org/progress-bar-formatter/-/progress-bar-formatter-2.0.1.tgz",
      "integrity": "sha512-sQ5mPzh8FdliwxVqdZihcX8O6JJHZjg2ZS2L2DR89dp+Jc+lnxHduJRuYIygAj+It30w29Ke7D0nqPE455LfQQ==",
      "license": "MIT",
      "engines": {
        "node": ">=0.10"
      }
    },
    "node_modules/status-bar": {
      "version": "2.0.3",
      "resolved": "https://registry.npmjs.org/status-bar/-/status-bar-2.0.3.tgz",
      "integrity": "sha512-OfZfcnCB+q/QrcgUfgMlarzfcQqdeiOLRjiL3OccOR1o4TSDYcwgocDZGzR4s6UtuACz/f4gbTCaovUMyyTLCA==",
      "license": "MIT",
      "dependencies": {
        "progress-bar-formatter": "^2.0.1"
      },
      "engines": {
        "node": ">=0.10"
      }
    },
    "node_modules/tftp": {
      "version": "0.1.2",
      "resolved": "https://registry.npmjs.org/tftp/-/tftp-0.1.2.tgz",
      "integrity": "sha512-sopSHHZSH7b+dFFgUoQJMXhK4bh/4kCtCD6fc6XydQ1qoCteaD5VWOuaI0TWw2htv+Dk4/4PT0cUDbLHaBvAFQ==",
      "license": "MIT",
      "dependencies": {
        "argp": "1.0.x",
        "status-bar": "2.0.x"
      },
      "bin": {
        "ntftp": "bin/ntftp.js"
      },
      "engines": {
        "node": ">=0.10"
      }
    }
  }
}
